
Microsoft Visual Studio Solution File, Format Version 12.00
# Visual Studio Version 16
VisualStudioVersion = 16.0.28803.202
MinimumVisualStudioVersion = 10.0.40219.1
Project("{FAE04EC0-301F-11D3-BF4B-00C04F79EFBC}") = "lab1", "lab1\lab1.csproj", "{57C62957-F8C0-4125-8AEA-669AC2AC6274}"
EndProject
Global
	GlobalSection(SolutionConfigurationPlatforms) = preSolution
		Debug|Any CPU = Debug|Any CPU
		Release|Any CPU = Release|Any CPU
	EndGlobalSection
	GlobalSection(ProjectConfigurationPlatforms) = postSolution
		{57C62957-F8C0-4125-8AEA-669AC2AC6274}.Debug|Any CPU.ActiveCfg = Debug|Any CPU
		{57C62957-F8C0-4125-8AEA-669AC2AC6274}.Debug|Any CPU.Build.0 = Debug|Any CPU
		{57C62957-F8C0-4125-8AEA-669AC2AC6274}.Release|Any CPU.ActiveCfg = Release|Any CPU
		{57C62957-F8C0-4125-8AEA-669AC2AC6274}.Release|Any CPU.Build.0 = Release|Any CPU
	EndGlobalSection
	GlobalSection(SolutionProperties) = preSolution
		HideSolutionNode = FALSE
	EndGlobalSection
	GlobalSection(ExtensibilityGlobals) = postSolution
		SolutionGuid = {BDDF37BA-C49E-4C19-B1EE-8A4870401912}
	EndGlobalSection
EndGlobal
